
Microsoft Visual Studio Solution File, Format Version 12.00
# Visual Studio 15
VisualStudioVersion = 15.0.28307.489
MinimumVisualStudioVersion = 10.0.40219.1
Project("{6EC3EE1D-3C4E-46DD-8F32-0CC8E7565705}") = "Konatus.PredicateBuilder", "Konatus.PredicateBuilder\Konatus.PredicateBuilder.fsproj", "{48BCB6C6-440F-4267-BA35-D4DEB03782E0}"
EndProject
Project("{F2A71F9B-5D33-465A-A702-920D77279786}") = "Konatus.PredicateBuilderTest", "Konatus.PredicateBuilderTest\Konatus.PredicateBuilderTest.fsproj", "{4B8A6729-FF49-4B55-B8E9-EC2030FAC35D}"
EndProject
Global
	GlobalSection(SolutionConfigurationPlatforms) = preSolution
		Debug|Any CPU = Debug|Any CPU
		Release|Any CPU = Release|Any CPU
	EndGlobalSection
	GlobalSection(ProjectConfigurationPlatforms) = postSolution
		{48BCB6C6-440F-4267-BA35-D4DEB03782E0}.Debug|Any CPU.ActiveCfg = Debug|Any CPU
		{48BCB6C6-440F-4267-BA35-D4DEB03782E0}.Debug|Any CPU.Build.0 = Debug|Any CPU
		{48BCB6C6-440F-4267-BA35-D4DEB03782E0}.Release|Any CPU.ActiveCfg = Release|Any CPU
		{48BCB6C6-440F-4267-BA35-D4DEB03782E0}.Release|Any CPU.Build.0 = Release|Any CPU
		{4B8A6729-FF49-4B55-B8E9-EC2030FAC35D}.Debug|Any CPU.ActiveCfg = Debug|Any CPU
		{4B8A6729-FF49-4B55-B8E9-EC2030FAC35D}.Debug|Any CPU.Build.0 = Debug|Any CPU
		{4B8A6729-FF49-4B55-B8E9-EC2030FAC35D}.Release|Any CPU.ActiveCfg = Release|Any CPU
		{4B8A6729-FF49-4B55-B8E9-EC2030FAC35D}.Release|Any CPU.Build.0 = Release|Any CPU
	EndGlobalSection
	GlobalSection(SolutionProperties) = preSolution
		HideSolutionNode = FALSE
	EndGlobalSection
	GlobalSection(ExtensibilityGlobals) = postSolution
		SolutionGuid = {18195ED0-36C9-4E0F-8351-45B2BB0EF6DA}
	EndGlobalSection
EndGlobal
